{
  "name": "clairsortie",
  "version": "3.0.0",
  "lockfileVersion": 3,
  "requires": true,
  "packages": {
    "": {
      "name": "clairsortie",
      "version": "3.0.0",
      "dependencies": {
        "openai": "5.0.0"
      },
      "engines": {
        "node": ">=20"
      }
    },
    "node_modules/openai": {
      "version": "5.0.0",
      "resolved": "https://registry.npmjs.org/openai/-/openai-5.0.0.tgz",
      "integrity": "sha512-+SpXfUFIn9MP82UQBUVINuZE4u3EWfgegMx/5Vb4sW3ihtobBCivarATKpAZ57wUzSFCxLXzTU5r4oVjpp0XVw==",
      "license": "Apache-2.0",
      "bin": {
        "openai": "bin/cli"
      },
      "peerDependencies": {
        "ws": "^8.18.0",
        "zod": "^3.23.8"
      },
      "peerDependenciesMeta": {
        "ws": {
          "optional": true
        },
        "zod": {
          "optional": true
        }
      }
    }
  }
}
